
Microsoft Visual Studio Solution File, Format Version 12.00
# Visual Studio Version 17
VisualStudioVersion = 17.7.34202.233
MinimumVisualStudioVersion = 10.0.40219.1
Project("{FAE04EC0-301F-11D3-BF4B-00C04F79EFBC}") = "SpeedrunnersStats", "SpeedrunnersStats\SpeedrunnersStats.csproj", "{52EB937A-5AE8-4D6F-99FE-BAB653200241}"
EndProject
Global
	GlobalSection(SolutionConfigurationPlatforms) = preSolution
		Debug|Any CPU = Debug|Any CPU
		Release|Any CPU = Release|Any CPU
	EndGlobalSection
	GlobalSection(ProjectConfigurationPlatforms) = postSolution
		{52EB937A-5AE8-4D6F-99FE-BAB653200241}.Debug|Any CPU.ActiveCfg = Debug|Any CPU
		{52EB937A-5AE8-4D6F-99FE-BAB653200241}.Debug|Any CPU.Build.0 = Debug|Any CPU
		{52EB937A-5AE8-4D6F-99FE-BAB653200241}.Release|Any CPU.ActiveCfg = Release|Any CPU
		{52EB937A-5AE8-4D6F-99FE-BAB653200241}.Release|Any CPU.Build.0 = Release|Any CPU
	EndGlobalSection
	GlobalSection(SolutionProperties) = preSolution
		HideSolutionNode = FALSE
	EndGlobalSection
	GlobalSection(ExtensibilityGlobals) = postSolution
		SolutionGuid = {CAED98B7-F5CF-4283-820E-024010B4E954}
	EndGlobalSection
EndGlobal
